{
  "name": "Soldier Gun",
  "lockfileVersion": 3,
  "requires": true,
  "packages": {
    "": {
      "dependencies": {
        "6502-disasm": "^0.0.6"
      }
    },
    "node_modules/6502-disasm": {
      "version": "0.0.6",
      "resolved": "https://registry.npmjs.org/6502-disasm/-/6502-disasm-0.0.6.tgz",
      "integrity": "sha512-urinTCW5IALJuR/k84x1cmfDQI3ZEmgi9Zg+0o32edLWApjFPf0gVadcWPdc72k965CA8oouTmIL9I4+Cud+7g==",
      "license": "MIT",
      "engines": {
        "node": ">=6.7.0"
      }
    }
  }
}
